
Microsoft Visual Studio Solution File, Format Version 12.00
# Visual Studio Version 17
VisualStudioVersion = 17.3.32819.101
MinimumVisualStudioVersion = 10.0.40219.1
Project("{FAE04EC0-301F-11D3-BF4B-00C04F79EFBC}") = "GelosISSWebAPI", "GelosISSWebAPI\GelosISSWebAPI.csproj", "{B74FA933-5855-4133-B92F-C5E33075DEF7}"
EndProject
Global
	GlobalSection(SolutionConfigurationPlatforms) = preSolution
		Debug|Any CPU = Debug|Any CPU
		Release|Any CPU = Release|Any CPU
	EndGlobalSection
	GlobalSection(ProjectConfigurationPlatforms) = postSolution
		{B74FA933-5855-4133-B92F-C5E33075DEF7}.Debug|Any CPU.ActiveCfg = Debug|Any CPU
		{B74FA933-5855-4133-B92F-C5E33075DEF7}.Debug|Any CPU.Build.0 = Debug|Any CPU
		{B74FA933-5855-4133-B92F-C5E33075DEF7}.Release|Any CPU.ActiveCfg = Release|Any CPU
		{B74FA933-5855-4133-B92F-C5E33075DEF7}.Release|Any CPU.Build.0 = Release|Any CPU
	EndGlobalSection
	GlobalSection(SolutionProperties) = preSolution
		HideSolutionNode = FALSE
	EndGlobalSection
	GlobalSection(ExtensibilityGlobals) = postSolution
		SolutionGuid = {2BBF84B9-FA30-4DA1-98F5-740622045771}
	EndGlobalSection
EndGlobal
